Microsoft Visual Studio Solution File, Format Version 12.00
# Visual Studio 2012
Project("{FAE04EC0-301F-11D3-BF4B-00C04F79EFBC}") = "Last bullet", "Last bullet.csproj", "{C676A593-A550-4BBE-A993-D69189BDD6DB}"
EndProject
Global
	GlobalSection(SolutionConfigurationPlatforms) = preSolution
	Debug|Any CPU = Debug|Any CPU
	ExportDebug|Any CPU = ExportDebug|Any CPU
	ExportRelease|Any CPU = ExportRelease|Any CPU
	EndGlobalSection
	GlobalSection(ProjectConfigurationPlatforms) = postSolution
		{C676A593-A550-4BBE-A993-D69189BDD6DB}.Debug|Any CPU.ActiveCfg = Debug|Any CPU
		{C676A593-A550-4BBE-A993-D69189BDD6DB}.Debug|Any CPU.Build.0 = Debug|Any CPU
		{C676A593-A550-4BBE-A993-D69189BDD6DB}.ExportDebug|Any CPU.ActiveCfg = ExportDebug|Any CPU
		{C676A593-A550-4BBE-A993-D69189BDD6DB}.ExportDebug|Any CPU.Build.0 = ExportDebug|Any CPU
		{C676A593-A550-4BBE-A993-D69189BDD6DB}.ExportRelease|Any CPU.ActiveCfg = ExportRelease|Any CPU
		{C676A593-A550-4BBE-A993-D69189BDD6DB}.ExportRelease|Any CPU.Build.0 = ExportRelease|Any CPU
	EndGlobalSection
EndGlobal
